// !$*UTF8*$!
{
	archiveVersion = 1;
	classes = {
	};
	objectVersion = 56;
	objects = {

/* Begin PBXBuildFile section */
		7F1EDFC32B2978A900477A50 /* AppDelegate.swift in Sources */ = {isa = PBXBuildFile; fileRef = 7F1EDFC22B2978A900477A50 /* AppDelegate.swift */; };
		7F1EDFCC2B2978AA00477A50 /* Assets.xcassets in Resources */ = {isa = PBXBuildFile; fileRef = 7F1EDFCB2B2978AA00477A50 /* Assets.xcassets */; };
		7F1EDFCF2B2978AA00477A50 /* LaunchScreen.storyboard in Resources */ = {isa = PBXBuildFile; fileRef = 7F1EDFCD2B2978AA00477A50 /* LaunchScreen.storyboard */; };
		7F1EDFDA2B2978AA00477A50 /* IntegrationProjectTests.swift in Sources */ = {isa = PBXBuildFile; fileRef = 7F1EDFD92B2978AA00477A50 /* IntegrationProjectTests.swift */; };
		7F1EDFE42B2978AA00477A50 /* IntegrationProjectUITests.swift in Sources */ = {isa = PBXBuildFile; fileRef = 7F1EDFE32B2978AA00477A50 /* IntegrationProjectUITests.swift */; };
		7F1EDFE62B2978AA00477A50 /* IntegrationProjectUITestsLaunchTests.swift in Sources */ = {isa = PBXBuildFile; fileRef = 7F1EDFE52B2978AA00477A50 /* IntegrationProjectUITestsLaunchTests.swift */; };
		7F1EDFF62B29793800477A50 /* InitialViewController.swift in Sources */ = {isa = PBXBuildFile; fileRef = 7F1EDFF42B29793800477A50 /* InitialViewController.swift */; };
		7F1EDFF72B29793800477A50 /* InitialViewController.xib in Resources */ = {isa = PBXBuildFile; fileRef = 7F1EDFF52B29793800477A50 /* InitialViewController.xib */; };
		7F1EE0142B29931400477A50 /* DependenciesFramework.framework in Frameworks */ = {isa = PBXBuildFile; fileRef = 7F1EE0042B2991E100477A50 /* DependenciesFramework.framework */; };
		7F1EE0152B29931400477A50 /* DependenciesFramework.framework in Embed Frameworks */ = {isa = PBXBuildFile; fileRef = 7F1EE0042B2991E100477A50 /* DependenciesFramework.framework */; settings = {ATTRIBUTES = (CodeSignOnCopy, RemoveHeadersOnCopy, ); }; };
		7F1EE01B2B29972B00477A50 /* FlowsFramework.framework in Frameworks */ = {isa = PBXBuildFile; fileRef = 7F1EE01A2B29972B00477A50 /* FlowsFramework.framework */; };
		7F1EE01C2B29972B00477A50 /* FlowsFramework.framework in Embed Frameworks */ = {isa = PBXBuildFile; fileRef = 7F1EE01A2B29972B00477A50 /* FlowsFramework.framework */; settings = {ATTRIBUTES = (CodeSignOnCopy, RemoveHeadersOnCopy, ); }; };
/* End PBXBuildFile section */

/* Begin PBXContainerItemProxy section */
		7F1EDFD62B2978AA00477A50 /* PBXContainerItemProxy */ = {
			isa = PBXContainerItemProxy;
			containerPortal = 7F1EDFB72B2978A900477A50 /* Project object */;
			proxyType = 1;
			remoteGlobalIDString = 7F1EDFBE2B2978A900477A50;
			remoteInfo = IntegrationProject;
		};
		7F1EDFE02B2978AA00477A50 /* PBXContainerItemProxy */ = {
			isa = PBXContainerItemProxy;
			containerPortal = 7F1EDFB72B2978A900477A50 /* Project object */;
			proxyType = 1;
			remoteGlobalIDString = 7F1EDFBE2B2978A900477A50;
			remoteInfo = IntegrationProject;
		};
		7F1EE0032B2991E100477A50 /* PBXContainerItemProxy */ = {
			isa = PBXContainerItemProxy;
			containerPortal = 7F1EDFFE2B2991E100477A50 /* DependenciesFramework.xcodeproj */;
			proxyType = 2;
			remoteGlobalIDString = 7F1EDF5B2B2967C900477A50;
			remoteInfo = DependenciesFramework;
		};
		7F1EE0052B2991E100477A50 /* PBXContainerItemProxy */ = {
			isa = PBXContainerItemProxy;
			containerPortal = 7F1EDFFE2B2991E100477A50 /* DependenciesFramework.xcodeproj */;
			proxyType = 2;
			remoteGlobalIDString = 7F1EDF652B2967C900477A50;
			remoteInfo = DependenciesFrameworkTests;
		};
/* End PBXContainerItemProxy section */

/* Begin PBXCopyFilesBuildPhase section */
		7F1EE0162B29931400477A50 /* Embed Frameworks */ = {
			isa = PBXCopyFilesBuildPhase;
			buildActionMask = 2147483647;
			dstPath = "";
			dstSubfolderSpec = 10;
			files = (
				7F1EE0152B29931400477A50 /* DependenciesFramework.framework in Embed Frameworks */,
				7F1EE01C2B29972B00477A50 /* FlowsFramework.framework in Embed Frameworks */,
			);
			name = "Embed Frameworks";
			runOnlyForDeploymentPostprocessing = 0;
		};
/* End PBXCopyFilesBuildPhase section */

/* Begin PBXFileReference section */
		7F1EDFBF2B2978A900477A50 /* IntegrationProject.app */ = {isa = PBXFileReference; explicitFileType = wrapper.application; includeInIndex = 0; path = IntegrationProject.app; sourceTree = BUILT_PRODUCTS_DIR; };
		7F1EDFC22B2978A900477A50 /* AppDelegate.swift */ = {isa = PBXFileReference; lastKnownFileType = sourcecode.swift; path = AppDelegate.swift; sourceTree = "<group>"; };
		7F1EDFCB2B2978AA00477A50 /* Assets.xcassets */ = {isa = PBXFileReference; lastKnownFileType = folder.assetcatalog; path = Assets.xcassets; sourceTree = "<group>"; };
		7F1EDFCE2B2978AA00477A50 /* Base */ = {isa = PBXFileReference; lastKnownFileType = file.storyboard; name = Base; path = Base.lproj/LaunchScreen.storyboard; sourceTree = "<group>"; };
		7F1EDFD02B2978AA00477A50 /* Info.plist */ = {isa = PBXFileReference; lastKnownFileType = text.plist.xml; path = Info.plist; sourceTree = "<group>"; };
		7F1EDFD52B2978AA00477A50 /* IntegrationProjectTests.xctest */ = {isa = PBXFileReference; explicitFileType = wrapper.cfbundle; includeInIndex = 0; path = IntegrationProjectTests.xctest; sourceTree = BUILT_PRODUCTS_DIR; };
		7F1EDFD92B2978AA00477A50 /* IntegrationProjectTests.swift */ = {isa = PBXFileReference; lastKnownFileType = sourcecode.swift; path = IntegrationProjectTests.swift; sourceTree = "<group>"; };
		7F1EDFDF2B2978AA00477A50 /* IntegrationProjectUITests.xctest */ = {isa = PBXFileReference; explicitFileType = wrapper.cfbundle; includeInIndex = 0; path = IntegrationProjectUITests.xctest; sourceTree = BUILT_PRODUCTS_DIR; };
		7F1EDFE32B2978AA00477A50 /* IntegrationProjectUITests.swift */ = {isa = PBXFileReference; lastKnownFileType = sourcecode.swift; path = IntegrationProjectUITests.swift; sourceTree = "<group>"; };
		7F1EDFE52B2978AA00477A50 /* IntegrationProjectUITestsLaunchTests.swift */ = {isa = PBXFileReference; lastKnownFileType = sourcecode.swift; path = IntegrationProjectUITestsLaunchTests.swift; sourceTree = "<group>"; };
		7F1EDFF42B29793800477A50 /* InitialViewController.swift */ = {isa = PBXFileReference; lastKnownFileType = sourcecode.swift; path = InitialViewController.swift; sourceTree = "<group>"; };
		7F1EDFF52B29793800477A50 /* InitialViewController.xib */ = {isa = PBXFileReference; lastKnownFileType = file.xib; path = InitialViewController.xib; sourceTree = "<group>"; };
		7F1EDFFE2B2991E100477A50 /* DependenciesFramework.xcodeproj */ = {isa = PBXFileReference; lastKnownFileType = "wrapper.pb-project"; name = DependenciesFramework.xcodeproj; path = ../../DependenciesFramework/DependenciesFramework.xcodeproj; sourceTree = "<group>"; };
		7F1EE01A2B29972B00477A50 /* FlowsFramework.framework */ = {isa = PBXFileReference; explicitFileType = wrapper.framework; path = FlowsFramework.framework; sourceTree = BUILT_PRODUCTS_DIR; };
/* End PBXFileReference section */

/* Begin PBXFrameworksBuildPhase section */
		7F1EDFBC2B2978A900477A50 /* Frameworks */ = {
			isa = PBXFrameworksBuildPhase;
			buildActionMask = 2147483647;
			files = (
				7F1EE0142B29931400477A50 /* DependenciesFramework.framework in Frameworks */,
				7F1EE01B2B29972B00477A50 /* FlowsFramework.framework in Frameworks */,
			);
			runOnlyForDeploymentPostprocessing = 0;
		};
		7F1EDFD22B2978AA00477A50 /* Frameworks */ = {
			isa = PBXFrameworksBuildPhase;
			buildActionMask = 2147483647;
			files = (
			);
			runOnlyForDeploymentPostprocessing = 0;
		};
		7F1EDFDC2B2978AA00477A50 /* Frameworks */ = {
			isa = PBXFrameworksBuildPhase;
			buildActionMask = 2147483647;
			files = (
			);
			runOnlyForDeploymentPostprocessing = 0;
		};
/* End PBXFrameworksBuildPhase section */

/* Begin PBXGroup section */
		7F1EDFB62B2978A900477A50 = {
			isa = PBXGroup;
			children = (
				7F1EDFC12B2978A900477A50 /* IntegrationProject */,
				7F1EDFD82B2978AA00477A50 /* IntegrationProjectTests */,
				7F1EDFE22B2978AA00477A50 /* IntegrationProjectUITests */,
				7F1EDFC02B2978A900477A50 /* Products */,
				7F1EE0112B29931400477A50 /* Frameworks */,
			);
			sourceTree = "<group>";
		};
		7F1EDFC02B2978A900477A50 /* Products */ = {
			isa = PBXGroup;
			children = (
				7F1EDFBF2B2978A900477A50 /* IntegrationProject.app */,
				7F1EDFD52B2978AA00477A50 /* IntegrationProjectTests.xctest */,
				7F1EDFDF2B2978AA00477A50 /* IntegrationProjectUITests.xctest */,
			);
			name = Products;
			sourceTree = "<group>";
		};
		7F1EDFC12B2978A900477A50 /* IntegrationProject */ = {
			isa = PBXGroup;
			children = (
				7F1EDFF22B29791800477A50 /* Controllers */,
				7F1EDFC22B2978A900477A50 /* AppDelegate.swift */,
				7F1EDFCB2B2978AA00477A50 /* Assets.xcassets */,
				7F1EDFCD2B2978AA00477A50 /* LaunchScreen.storyboard */,
				7F1EDFD02B2978AA00477A50 /* Info.plist */,
			);
			path = IntegrationProject;
			sourceTree = "<group>";
		};
		7F1EDFD82B2978AA00477A50 /* IntegrationProjectTests */ = {
			isa = PBXGroup;
			children = (
				7F1EDFD92B2978AA00477A50 /* IntegrationProjectTests.swift */,
			);
			path = IntegrationProjectTests;
			sourceTree = "<group>";
		};
		7F1EDFE22B2978AA00477A50 /* IntegrationProjectUITests */ = {
			isa = PBXGroup;
			children = (
				7F1EDFFE2B2991E100477A50 /* DependenciesFramework.xcodeproj */,
				7F1EDFE32B2978AA00477A50 /* IntegrationProjectUITests.swift */,
				7F1EDFE52B2978AA00477A50 /* IntegrationProjectUITestsLaunchTests.swift */,
			);
			path = IntegrationProjectUITests;
			sourceTree = "<group>";
		};
		7F1EDFF22B29791800477A50 /* Controllers */ = {
			isa = PBXGroup;
			children = (
				7F1EDFF32B29791F00477A50 /* Initial */,
			);
			path = Controllers;
			sourceTree = "<group>";
		};
		7F1EDFF32B29791F00477A50 /* Initial */ = {
			isa = PBXGroup;
			children = (
				7F1EDFF42B29793800477A50 /* InitialViewController.swift */,
				7F1EDFF52B29793800477A50 /* InitialViewController.xib */,
			);
			path = Initial;
			sourceTree = "<group>";
		};
		7F1EDFFF2B2991E100477A50 /* Products */ = {
			isa = PBXGroup;
			children = (
				7F1EE0042B2991E100477A50 /* DependenciesFramework.framework */,
				7F1EE0062B2991E100477A50 /* DependenciesFrameworkTests.xctest */,
			);
			name = Products;
			sourceTree = "<group>";
		};
		7F1EE0112B29931400477A50 /* Frameworks */ = {
			isa = PBXGroup;
			children = (
				7F1EE01A2B29972B00477A50 /* FlowsFramework.framework */,
			);
			name = Frameworks;
			sourceTree = "<group>";
		};
/* End PBXGroup section */

/* Begin PBXNativeTarget section */
		7F1EDFBE2B2978A900477A50 /* IntegrationProject */ = {
			isa = PBXNativeTarget;
			buildConfigurationList = 7F1EDFE92B2978AA00477A50 /* Build configuration list for PBXNativeTarget "IntegrationProject" */;
			buildPhases = (
				7F1EDFBB2B2978A900477A50 /* Sources */,
				7F1EDFBC2B2978A900477A50 /* Frameworks */,
				7F1EDFBD2B2978A900477A50 /* Resources */,
				7F1EE0162B29931400477A50 /* Embed Frameworks */,
			);
			buildRules = (
			);
			dependencies = (
			);
			name = IntegrationProject;
			productName = IntegrationProject;
			productReference = 7F1EDFBF2B2978A900477A50 /* IntegrationProject.app */;
			productType = "com.apple.product-type.application";
		};
		7F1EDFD42B2978AA00477A50 /* IntegrationProjectTests */ = {
			isa = PBXNativeTarget;
			buildConfigurationList = 7F1EDFEC2B2978AA00477A50 /* Build configuration list for PBXNativeTarget "IntegrationProjectTests" */;
			buildPhases = (
				7F1EDFD12B2978AA00477A50 /* Sources */,
				7F1EDFD22B2978AA00477A50 /* Frameworks */,
				7F1EDFD32B2978AA00477A50 /* Resources */,
			);
			buildRules = (
			);
			dependencies = (
				7F1EDFD72B2978AA00477A50 /* PBXTargetDependency */,
			);
			name = IntegrationProjectTests;
			productName = IntegrationProjectTests;
			productReference = 7F1EDFD52B2978AA00477A50 /* IntegrationProjectTests.xctest */;
			productType = "com.apple.product-type.bundle.unit-test";
		};
		7F1EDFDE2B2978AA00477A50 /* IntegrationProjectUITests */ = {
			isa = PBXNativeTarget;
			buildConfigurationList = 7F1EDFEF2B2978AA00477A50 /* Build configuration list for PBXNativeTarget "IntegrationProjectUITests" */;
			buildPhases = (
				7F1EDFDB2B2978AA00477A50 /* Sources */,
				7F1EDFDC2B2978AA00477A50 /* Frameworks */,
				7F1EDFDD2B2978AA00477A50 /* Resources */,
			);
			buildRules = (
			);
			dependencies = (
				7F1EDFE12B2978AA00477A50 /* PBXTargetDependency */,
			);
			name = IntegrationProjectUITests;
			productName = IntegrationProjectUITests;
			productReference = 7F1EDFDF2B2978AA00477A50 /* IntegrationProjectUITests.xctest */;
			productType = "com.apple.product-type.bundle.ui-testing";
		};
/* End PBXNativeTarget section */

/* Begin PBXProject section */
		7F1EDFB72B2978A900477A50 /* Project object */ = {
			isa = PBXProject;
			attributes = {
				BuildIndependentTargetsInParallel = 1;
				LastSwiftUpdateCheck = 1510;
				LastUpgradeCheck = 1510;
				TargetAttributes = {
					7F1EDFBE2B2978A900477A50 = {
						CreatedOnToolsVersion = 15.1;
					};
					7F1EDFD42B2978AA00477A50 = {
						CreatedOnToolsVersion = 15.1;
						TestTargetID = 7F1EDFBE2B2978A900477A50;
					};
					7F1EDFDE2B2978AA00477A50 = {
						CreatedOnToolsVersion = 15.1;
						TestTargetID = 7F1EDFBE2B2978A900477A50;
					};
				};
			};
			buildConfigurationList = 7F1EDFBA2B2978A900477A50 /* Build configuration list for PBXProject "IntegrationProject" */;
			compatibilityVersion = "Xcode 14.0";
			developmentRegion = en;
			hasScannedForEncodings = 0;
			knownRegions = (
				en,
				Base,
			);
			mainGroup = 7F1EDFB62B2978A900477A50;
			productRefGroup = 7F1EDFC02B2978A900477A50 /* Products */;
			projectDirPath = "";
			projectReferences = (
				{
					ProductGroup = 7F1EDFFF2B2991E100477A50 /* Products */;
					ProjectRef = 7F1EDFFE2B2991E100477A50 /* DependenciesFramework.xcodeproj */;
				},
			);
			projectRoot = "";
			targets = (
				7F1EDFBE2B2978A900477A50 /* IntegrationProject */,
				7F1EDFD42B2978AA00477A50 /* IntegrationProjectTests */,
				7F1EDFDE2B2978AA00477A50 /* IntegrationProjectUITests */,
			);
		};
/* End PBXProject section */

/* Begin PBXReferenceProxy section */
		7F1EE0042B2991E100477A50 /* DependenciesFramework.framework */ = {
			isa = PBXReferenceProxy;
			fileType = wrapper.framework;
			path = DependenciesFramework.framework;
			remoteRef = 7F1EE0032B2991E100477A50 /* PBXContainerItemProxy */;
			sourceTree = BUILT_PRODUCTS_DIR;
		};
		7F1EE0062B2991E100477A50 /* DependenciesFrameworkTests.xctest */ = {
			isa = PBXReferenceProxy;
			fileType = wrapper.cfbundle;
			path = DependenciesFrameworkTests.xctest;
			remoteRef = 7F1EE0052B2991E100477A50 /* PBXContainerItemProxy */;
			sourceTree = BUILT_PRODUCTS_DIR;
		};
/* End PBXReferenceProxy section */

/* Begin PBXResourcesBuildPhase section */
		7F1EDFBD2B2978A900477A50 /* Resources */ = {
			isa = PBXResourcesBuildPhase;
			buildActionMask = 2147483647;
			files = (
				7F1EDFCF2B2978AA00477A50 /* LaunchScreen.storyboard in Resources */,
				7F1EDFCC2B2978AA00477A50 /* Assets.xcassets in Resources */,
				7F1EDFF72B29793800477A50 /* InitialViewController.xib in Resources */,
			);
			runOnlyForDeploymentPostprocessing = 0;
		};
		7F1EDFD32B2978AA00477A50 /* Resources */ = {
			isa = PBXResourcesBuildPhase;
			buildActionMask = 2147483647;
			files = (
			);
			runOnlyForDeploymentPostprocessing = 0;
		};
		7F1EDFDD2B2978AA00477A50 /* Resources */ = {
			isa = PBXResourcesBuildPhase;
			buildActionMask = 2147483647;
			files = (
			);
			runOnlyForDeploymentPostprocessing = 0;
		};
/* End PBXResourcesBuildPhase section */

/* Begin PBXSourcesBuildPhase section */
		7F1EDFBB2B2978A900477A50 /* Sources */ = {
			isa = PBXSourcesBuildPhase;
			buildActionMask = 2147483647;
			files = (
				7F1EDFC32B2978A900477A50 /* AppDelegate.swift in Sources */,
				7F1EDFF62B29793800477A50 /* InitialViewController.swift in Sources */,
			);
			runOnlyForDeploymentPostprocessing = 0;
		};
		7F1EDFD12B2978AA00477A50 /* Sources */ = {
			isa = PBXSourcesBuildPhase;
			buildActionMask = 2147483647;
			files = (
				7F1EDFDA2B2978AA00477A50 /* IntegrationProjectTests.swift in Sources */,
			);
			runOnlyForDeploymentPostprocessing = 0;
		};
		7F1EDFDB2B2978AA00477A50 /* Sources */ = {
			isa = PBXSourcesBuildPhase;
			buildActionMask = 2147483647;
			files = (
				7F1EDFE42B2978AA00477A50 /* IntegrationProjectUITests.swift in Sources */,
				7F1EDFE62B2978AA00477A50 /* IntegrationProjectUITestsLaunchTests.swift in Sources */,
			);
			runOnlyForDeploymentPostprocessing = 0;
		};
/* End PBXSourcesBuildPhase section */

/* Begin PBXTargetDependency section */
		7F1EDFD72B2978AA00477A50 /* PBXTargetDependency */ = {
			isa = PBXTargetDependency;
			target = 7F1EDFBE2B2978A900477A50 /* IntegrationProject */;
			targetProxy = 7F1EDFD62B2978AA00477A50 /* PBXContainerItemProxy */;
		};
		7F1EDFE12B2978AA00477A50 /* PBXTargetDependency */ = {
			isa = PBXTargetDependency;
			target = 7F1EDFBE2B2978A900477A50 /* IntegrationProject */;
			targetProxy = 7F1EDFE02B2978AA00477A50 /* PBXContainerItemProxy */;
		};
/* End PBXTargetDependency section */

/* Begin PBXVariantGroup section */
		7F1EDFCD2B2978AA00477A50 /* LaunchScreen.storyboard */ = {
			isa = PBXVariantGroup;
			children = (
				7F1EDFCE2B2978AA00477A50 /* Base */,
			);
			name = LaunchScreen.storyboard;
			sourceTree = "<group>";
		};
/* End PBXVariantGroup section */

/* Begin XCBuildConfiguration section */
		7F1EDFE72B2978AA00477A50 /* Debug */ = {
			isa = XCBuildConfiguration;
			buildSettings = {
				ALWAYS_SEARCH_USER_PATHS = NO;
				ASSETCATALOG_COMPILER_GENERATE_SWIFT_ASSET_SYMBOL_EXTENSIONS = YES;
				CLANG_ANALYZER_NONNULL = YES;
				CLANG_ANALYZER_NUMBER_OBJECT_CONVERSION = YES_AGGRESSIVE;
				CLANG_CXX_LANGUAGE_STANDARD = "gnu++20";
				CLANG_ENABLE_MODULES = YES;
				CLANG_ENABLE_OBJC_ARC = YES;
				CLANG_ENABLE_OBJC_WEAK = YES;
				CLANG_WARN_BLOCK_CAPTURE_AUTORELEASING = YES;
				CLANG_WARN_BOOL_CONVERSION = YES;
				CLANG_WARN_COMMA = YES;
				CLANG_WARN_CONSTANT_CONVERSION = YES;
				CLANG_WARN_DEPRECATED_OBJC_IMPLEMENTATIONS = YES;
				CLANG_WARN_DIRECT_OBJC_ISA_USAGE = YES_ERROR;
				CLANG_WARN_DOCUMENTATION_COMMENTS = YES;
				CLANG_WARN_EMPTY_BODY = YES;
				CLANG_WARN_ENUM_CONVERSION = YES;
				CLANG_WARN_INFINITE_RECURSION = YES;
				CLANG_WARN_INT_CONVERSION = YES;
				CLANG_WARN_NON_LITERAL_NULL_CONVERSION = YES;
				CLANG_WARN_OBJC_IMPLICIT_RETAIN_SELF = YES;
				CLANG_WARN_OBJC_LITERAL_CONVERSION = YES;
				CLANG_WARN_OBJC_ROOT_CLASS = YES_ERROR;
				CLANG_WARN_QUOTED_INCLUDE_IN_FRAMEWORK_HEADER = YES;
				CLANG_WARN_RANGE_LOOP_ANALYSIS = YES;
				CLANG_WARN_STRICT_PROTOTYPES = YES;
				CLANG_WARN_SUSPICIOUS_MOVE = YES;
				CLANG_WARN_UNGUARDED_AVAILABILITY = YES_AGGRESSIVE;
				CLANG_WARN_UNREACHABLE_CODE = YES;
				CLANG_WARN__DUPLICATE_METHOD_MATCH = YES;
				COPY_PHASE_STRIP = NO;
				DEBUG_INFORMATION_FORMAT = dwarf;
				ENABLE_STRICT_OBJC_MSGSEND = YES;
				ENABLE_TESTABILITY = YES;
				ENABLE_USER_SCRIPT_SANDBOXING = YES;
				GCC_C_LANGUAGE_STANDARD = gnu17;
				GCC_DYNAMIC_NO_PIC = NO;
				GCC_NO_COMMON_BLOCKS = YES;
				GCC_OPTIMIZATION_LEVEL = 0;
				GCC_PREPROCESSOR_DEFINITIONS = (
					"DEBUG=1",
					"$(inherited)",
				);
				GCC_WARN_64_TO_32_BIT_CONVERSION = YES;
				GCC_WARN_ABOUT_RETURN_TYPE = YES_ERROR;
				GCC_WARN_UNDECLARED_SELECTOR = YES;
				GCC_WARN_UNINITIALIZED_AUTOS = YES_AGGRESSIVE;
				GCC_WARN_UNUSED_FUNCTION = YES;
				GCC_WARN_UNUSED_VARIABLE = YES;
				IPHONEOS_DEPLOYMENT_TARGET = 14.0;
				LOCALIZATION_PREFERS_STRING_CATALOGS = YES;
				MTL_ENABLE_DEBUG_INFO = INCLUDE_SOURCE;
				MTL_FAST_MATH = YES;
				ONLY_ACTIVE_ARCH = YES;
				SDKROOT = iphoneos;
				SWIFT_ACTIVE_COMPILATION_CONDITIONS = "DEBUG $(inherited)";
				SWIFT_OPTIMIZATION_LEVEL = "-Onone";
			};
			name = Debug;
		};
		7F1EDFE82B2978AA00477A50 /* Release */ = {
			isa = XCBuildConfiguration;
			buildSettings = {
				ALWAYS_SEARCH_USER_PATHS = NO;
				ASSETCATALOG_COMPILER_GENERATE_SWIFT_ASSET_SYMBOL_EXTENSIONS = YES;
				CLANG_ANALYZER_NONNULL = YES;
				CLANG_ANALYZER_NUMBER_OBJECT_CONVERSION = YES_AGGRESSIVE;
				CLANG_CXX_LANGUAGE_STANDARD = "gnu++20";
				CLANG_ENABLE_MODULES = YES;
				CLANG_ENABLE_OBJC_ARC = YES;
				CLANG_ENABLE_OBJC_WEAK = YES;
				CLANG_WARN_BLOCK_CAPTURE_AUTORELEASING = YES;
				CLANG_WARN_BOOL_CONVERSION = YES;
				CLANG_WARN_COMMA = YES;
				CLANG_WARN_CONSTANT_CONVERSION = YES;
				CLANG_WARN_DEPRECATED_OBJC_IMPLEMENTATIONS = YES;
				CLANG_WARN_DIRECT_OBJC_ISA_USAGE = YES_ERROR;
				CLANG_WARN_DOCUMENTATION_COMMENTS = YES;
				CLANG_WARN_EMPTY_BODY = YES;
				CLANG_WARN_ENUM_CONVERSION = YES;
				CLANG_WARN_INFINITE_RECURSION = YES;
				CLANG_WARN_INT_CONVERSION = YES;
				CLANG_WARN_NON_LITERAL_NULL_CONVERSION = YES;
				CLANG_WARN_OBJC_IMPLICIT_RETAIN_SELF = YES;
				CLANG_WARN_OBJC_LITERAL_CONVERSION = YES;
				CLANG_WARN_OBJC_ROOT_CLASS = YES_ERROR;
				CLANG_WARN_QUOTED_INCLUDE_IN_FRAMEWORK_HEADER = YES;
				CLANG_WARN_RANGE_LOOP_ANALYSIS = YES;
				CLANG_WARN_STRICT_PROTOTYPES = YES;
				CLANG_WARN_SUSPICIOUS_MOVE = YES;
				CLANG_WARN_UNGUARDED_AVAILABILITY = YES_AGGRESSIVE;
				CLANG_WARN_UNREACHABLE_CODE = YES;
				CLANG_WARN__DUPLICATE_METHOD_MATCH = YES;
				COPY_PHASE_STRIP = NO;
				DEBUG_INFORMATION_FORMAT = "dwarf-with-dsym";
				ENABLE_NS_ASSERTIONS = NO;
				ENABLE_STRICT_OBJC_MSGSEND = YES;
				ENABLE_USER_SCRIPT_SANDBOXING = YES;
				GCC_C_LANGUAGE_STANDARD = gnu17;
				GCC_NO_COMMON_BLOCKS = YES;
				GCC_WARN_64_TO_32_BIT_CONVERSION = YES;
				GCC_WARN_ABOUT_RETURN_TYPE = YES_ERROR;
				GCC_WARN_UNDECLARED_SELECTOR = YES;
				GCC_WARN_UNINITIALIZED_AUTOS = YES_AGGRESSIVE;
				GCC_WARN_UNUSED_FUNCTION = YES;
				GCC_WARN_UNUSED_VARIABLE = YES;
				IPHONEOS_DEPLOYMENT_TARGET = 14.0;
				LOCALIZATION_PREFERS_STRING_CATALOGS = YES;
				MTL_ENABLE_DEBUG_INFO = NO;
				MTL_FAST_MATH = YES;
				SDKROOT = iphoneos;
				SWIFT_COMPILATION_MODE = wholemodule;
				VALIDATE_PRODUCT = YES;
			};
			name = Release;
		};
		7F1EDFEA2B2978AA00477A50 /* Debug */ = {
			isa = XCBuildConfiguration;
			buildSettings = {
				ASSETCATALOG_COMPILER_APPICON_NAME = AppIcon;
				ASSETCATALOG_COMPILER_GLOBAL_ACCENT_COLOR_NAME = AccentColor;
				CODE_SIGN_STYLE = Automatic;
				CURRENT_PROJECT_VERSION = 1;
				DEVELOPMENT_TEAM = S8N34947Y9;
				GENERATE_INFOPLIST_FILE = YES;
				INFOPLIST_FILE = IntegrationProject/Info.plist;
				INFOPLIST_KEY_UIApplicationSupportsIndirectInputEvents = YES;
				INFOPLIST_KEY_UILaunchStoryboardName = LaunchScreen;
				INFOPLIST_KEY_UIMainStoryboardFile = "";
				INFOPLIST_KEY_UISupportedInterfaceOrientations_iPad = "UIInterfaceOrientationPortrait UIInterfaceOrientationPortraitUpsideDown UIInterfaceOrientationLandscapeLeft UIInterfaceOrientationLandscapeRight";
				INFOPLIST_KEY_UISupportedInterfaceOrientations_iPhone = "UIInterfaceOrientationPortrait UIInterfaceOrientationLandscapeLeft UIInterfaceOrientationLandscapeRight";
				IPHONEOS_DEPLOYMENT_TARGET = 14.0;
				LD_RUNPATH_SEARCH_PATHS = (
					"$(inherited)",
					"@executable_path/Frameworks",
				);
				MARKETING_VERSION = 1.0;
				PRODUCT_BUNDLE_IDENTIFIER = com.examples.IntegrationProject;
				PRODUCT_NAME = "$(TARGET_NAME)";
				SWIFT_EMIT_LOC_STRINGS = YES;
				SWIFT_VERSION = 5.0;
				TARGETED_DEVICE_FAMILY = "1,2";
			};
			name = Debug;
		};
		7F1EDFEB2B2978AA00477A50 /* Release */ = {
			isa = XCBuildConfiguration;
			buildSettings = {
				ASSETCATALOG_COMPILER_APPICON_NAME = AppIcon;
				ASSETCATALOG_COMPILER_GLOBAL_ACCENT_COLOR_NAME = AccentColor;
				CODE_SIGN_STYLE = Automatic;
				CURRENT_PROJECT_VERSION = 1;
				DEVELOPMENT_TEAM = S8N34947Y9;
				GENERATE_INFOPLIST_FILE = YES;
				INFOPLIST_FILE = IntegrationProject/Info.plist;
				INFOPLIST_KEY_UIApplicationSupportsIndirectInputEvents = YES;
				INFOPLIST_KEY_UILaunchStoryboardName = LaunchScreen;
				INFOPLIST_KEY_UIMainStoryboardFile = "";
				INFOPLIST_KEY_UISupportedInterfaceOrientations_iPad = "UIInterfaceOrientationPortrait UIInterfaceOrientationPortraitUpsideDown UIInterfaceOrientationLandscapeLeft UIInterfaceOrientationLandscapeRight";
				INFOPLIST_KEY_UISupportedInterfaceOrientations_iPhone = "UIInterfaceOrientationPortrait UIInterfaceOrientationLandscapeLeft UIInterfaceOrientationLandscapeRight";
				IPHONEOS_DEPLOYMENT_TARGET = 14.0;
				LD_RUNPATH_SEARCH_PATHS = (
					"$(inherited)",
					"@executable_path/Frameworks",
				);
				MARKETING_VERSION = 1.0;
				PRODUCT_BUNDLE_IDENTIFIER = com.examples.IntegrationProject;
				PRODUCT_NAME = "$(TARGET_NAME)";
				SWIFT_EMIT_LOC_STRINGS = YES;
				SWIFT_VERSION = 5.0;
				TARGETED_DEVICE_FAMILY = "1,2";
			};
			name = Release;
		};
		7F1EDFED2B2978AA00477A50 /* Debug */ = {
			isa = XCBuildConfiguration;
			buildSettings = {
				ALWAYS_EMBED_SWIFT_STANDARD_LIBRARIES = YES;
				BUNDLE_LOADER = "$(TEST_HOST)";
				CODE_SIGN_STYLE = Automatic;
				CURRENT_PROJECT_VERSION = 1;
				DEVELOPMENT_TEAM = S8N34947Y9;
				GENERATE_INFOPLIST_FILE = YES;
				IPHONEOS_DEPLOYMENT_TARGET = 17.2;
				MARKETING_VERSION = 1.0;
				PRODUCT_BUNDLE_IDENTIFIER = com.examples.IntegrationProjectTests;
				PRODUCT_NAME = "$(TARGET_NAME)";
				SWIFT_EMIT_LOC_STRINGS = NO;
				SWIFT_VERSION = 5.0;
				TARGETED_DEVICE_FAMILY = "1,2";
				TEST_HOST = "$(BUILT_PRODUCTS_DIR)/IntegrationProject.app/$(BUNDLE_EXECUTABLE_FOLDER_PATH)/IntegrationProject";
			};
			name = Debug;
		};
		7F1EDFEE2B2978AA00477A50 /* Release */ = {
			isa = XCBuildConfiguration;
			buildSettings = {
				ALWAYS_EMBED_SWIFT_STANDARD_LIBRARIES = YES;
				BUNDLE_LOADER = "$(TEST_HOST)";
				CODE_SIGN_STYLE = Automatic;
				CURRENT_PROJECT_VERSION = 1;
				DEVELOPMENT_TEAM = S8N34947Y9;
				GENERATE_INFOPLIST_FILE = YES;
				IPHONEOS_DEPLOYMENT_TARGET = 17.2;
				MARKETING_VERSION = 1.0;
				PRODUCT_BUNDLE_IDENTIFIER = com.examples.IntegrationProjectTests;
				PRODUCT_NAME = "$(TARGET_NAME)";
				SWIFT_EMIT_LOC_STRINGS = NO;
				SWIFT_VERSION = 5.0;
				TARGETED_DEVICE_FAMILY = "1,2";
				TEST_HOST = "$(BUILT_PRODUCTS_DIR)/IntegrationProject.app/$(BUNDLE_EXECUTABLE_FOLDER_PATH)/IntegrationProject";
			};
			name = Release;
		};
		7F1EDFF02B2978AA00477A50 /* Debug */ = {
			isa = XCBuildConfiguration;
			buildSettings = {
				ALWAYS_EMBED_SWIFT_STANDARD_LIBRARIES = YES;
				CODE_SIGN_STYLE = Automatic;
				CURRENT_PROJECT_VERSION = 1;
				DEVELOPMENT_TEAM = S8N34947Y9;
				GENERATE_INFOPLIST_FILE = YES;
				MARKETING_VERSION = 1.0;
				PRODUCT_BUNDLE_IDENTIFIER = com.examples.IntegrationProjectUITests;
				PRODUCT_NAME = "$(TARGET_NAME)";
				SWIFT_EMIT_LOC_STRINGS = NO;
				SWIFT_VERSION = 5.0;
				TARGETED_DEVICE_FAMILY = "1,2";
				TEST_TARGET_NAME = IntegrationProject;
			};
			name = Debug;
		};
		7F1EDFF12B2978AA00477A50 /* Release */ = {
			isa = XCBuildConfiguration;
			buildSettings = {
				ALWAYS_EMBED_SWIFT_STANDARD_LIBRARIES = YES;
				CODE_SIGN_STYLE = Automatic;
				CURRENT_PROJECT_VERSION = 1;
				DEVELOPMENT_TEAM = S8N34947Y9;
				GENERATE_INFOPLIST_FILE = YES;
				MARKETING_VERSION = 1.0;
				PRODUCT_BUNDLE_IDENTIFIER = com.examples.IntegrationProjectUITests;
				PRODUCT_NAME = "$(TARGET_NAME)";
				SWIFT_EMIT_LOC_STRINGS = NO;
				SWIFT_VERSION = 5.0;
				TARGETED_DEVICE_FAMILY = "1,2";
				TEST_TARGET_NAME = IntegrationProject;
			};
			name = Release;
		};
/* End XCBuildConfiguration section */

/* Begin XCConfigurationList section */
		7F1EDFBA2B2978A900477A50 /* Build configuration list for PBXProject "IntegrationProject" */ = {
			isa = XCConfigurationList;
			buildConfigurations = (
				7F1EDFE72B2978AA00477A50 /* Debug */,
				7F1EDFE82B2978AA00477A50 /* Release */,
			);
			defaultConfigurationIsVisible = 0;
			defaultConfigurationName = Release;
		};
		7F1EDFE92B2978AA00477A50 /* Build configuration list for PBXNativeTarget "IntegrationProject" */ = {
			isa = XCConfigurationList;
			buildConfigurations = (
				7F1EDFEA2B2978AA00477A50 /* Debug */,
				7F1EDFEB2B2978AA00477A50 /* Release */,
			);
			defaultConfigurationIsVisible = 0;
			defaultConfigurationName = Release;
		};
		7F1EDFEC2B2978AA00477A50 /* Build configuration list for PBXNativeTarget "IntegrationProjectTests" */ = {
			isa = XCConfigurationList;
			buildConfigurations = (
				7F1EDFED2B2978AA00477A50 /* Debug */,
				7F1EDFEE2B2978AA00477A50 /* Release */,
			);
			defaultConfigurationIsVisible = 0;
			defaultConfigurationName = Release;
		};
		7F1EDFEF2B2978AA00477A50 /* Build configuration list for PBXNativeTarget "IntegrationProjectUITests" */ = {
			isa = XCConfigurationList;
			buildConfigurations = (
				7F1EDFF02B2978AA00477A50 /* Debug */,
				7F1EDFF12B2978AA00477A50 /* Release */,
			);
			defaultConfigurationIsVisible = 0;
			defaultConfigurationName = Release;
		};
/* End XCConfigurationList section */
	};
	rootObject = 7F1EDFB72B2978A900477A50 /* Project object */;
}
